
Microsoft Visual Studio Solution File, Format Version 12.00
# Visual Studio Version 16
VisualStudioVersion = 16.0.30114.105
MinimumVisualStudioVersion = 10.0.40219.1
Project("{9A19103F-16F7-4668-BE54-9A1E7A4F7556}") = "Roomates", "Roomates\Roomates\Roomates.csproj", "{1CAD7E4B-7004-4DB8-BA59-30DCB16B0FE0}"
EndProject
Global
	GlobalSection(SolutionConfigurationPlatforms) = preSolution
		Debug|Any CPU = Debug|Any CPU
		Release|Any CPU = Release|Any CPU
	EndGlobalSection
	GlobalSection(ProjectConfigurationPlatforms) = postSolution
		{1CAD7E4B-7004-4DB8-BA59-30DCB16B0FE0}.Debug|Any CPU.ActiveCfg = Debug|Any CPU
		{1CAD7E4B-7004-4DB8-BA59-30DCB16B0FE0}.Debug|Any CPU.Build.0 = Debug|Any CPU
		{1CAD7E4B-7004-4DB8-BA59-30DCB16B0FE0}.Release|Any CPU.ActiveCfg = Release|Any CPU
		{1CAD7E4B-7004-4DB8-BA59-30DCB16B0FE0}.Release|Any CPU.Build.0 = Release|Any CPU
	EndGlobalSection
	GlobalSection(SolutionProperties) = preSolution
		HideSolutionNode = FALSE
	EndGlobalSection
	GlobalSection(ExtensibilityGlobals) = postSolution
		SolutionGuid = {9526AAD6-A5BF-4268-8D8A-B4560D0E0FAF}
	EndGlobalSection
EndGlobal
